# This file is automatically @generated by Cargo.
# It is not intended for manual editing.
version = 3

[[package]]
name = "collections"
version = "0.1.0"

[[package]]
name = "demo_base"
version = "0.1.0"
dependencies = [
 "collections",
 "errors",
 "gtl",
 "minigrep",
 "tests_demo",
]

[[package]]
name = "errors"
version = "0.1.0"

[[package]]
name = "gtl"
version = "0.1.0"

[[package]]
name = "minigrep"
version = "0.1.0"

[[package]]
name = "tests_demo"
version = "0.1.0"
